// !$*UTF8*$!
{
	archiveVersion = 1;
	classes = {
	};
	objectVersion = 50;
	objects = {

/* Begin PBXBuildFile section */
		04A0990A225C326100FA222E /* AppDelegate.m in Sources */ = {isa = PBXBuildFile; fileRef = 04A09909225C326100FA222E /* AppDelegate.m */; };
		04A0990D225C326100FA222E /* ViewController.m in Sources */ = {isa = PBXBuildFile; fileRef = 04A0990C225C326100FA222E /* ViewController.m */; };
		04A09910225C326100FA222E /* Main.storyboard in Resources */ = {isa = PBXBuildFile; fileRef = 04A0990E225C326100FA222E /* Main.storyboard */; };
		04A09912225C326100FA222E /* Assets.xcassets in Resources */ = {isa = PBXBuildFile; fileRef = 04A09911225C326100FA222E /* Assets.xcassets */; };
		04A09915225C326100FA222E /* LaunchScreen.storyboard in Resources */ = {isa = PBXBuildFile; fileRef = 04A09913225C326100FA222E /* LaunchScreen.storyboard */; };
		04A09918225C326100FA222E /* main.m in Sources */ = {isa = PBXBuildFile; fileRef = 04A09917225C326100FA222E /* main.m */; };
		04A09922225C326100FA222E /* testCocoaPodsTests.m in Sources */ = {isa = PBXBuildFile; fileRef = 04A09921225C326100FA222E /* testCocoaPodsTests.m */; };
		04A0992D225C326100FA222E /* testCocoaPodsUITests.m in Sources */ = {isa = PBXBuildFile; fileRef = 04A0992C225C326100FA222E /* testCocoaPodsUITests.m */; };
		04A0993D225C70FA00FA222E /* RootViewController.m in Sources */ = {isa = PBXBuildFile; fileRef = 04A0993C225C70FA00FA222E /* RootViewController.m */; };
		04A09940225C77E700FA222E /* RootTableViewCell.m in Sources */ = {isa = PBXBuildFile; fileRef = 04A0993F225C77E700FA222E /* RootTableViewCell.m */; };
		04A09943225C7A5700FA222E /* Model.m in Sources */ = {isa = PBXBuildFile; fileRef = 04A09942225C7A5700FA222E /* Model.m */; };
		04BEC7A9225DD0D900CD56A3 /* FlaowViewController.m in Sources */ = {isa = PBXBuildFile; fileRef = 04BEC7A8225DD0D900CD56A3 /* FlaowViewController.m */; };
		04BEC7AC225DD2D000CD56A3 /* MyCollectionViewCell.m in Sources */ = {isa = PBXBuildFile; fileRef = 04BEC7AB225DD2D000CD56A3 /* MyCollectionViewCell.m */; };
		04BEC7AF225DD38000CD56A3 /* MyFlowLayout.m in Sources */ = {isa = PBXBuildFile; fileRef = 04BEC7AE225DD38000CD56A3 /* MyFlowLayout.m */; };
		04BEC7B2225DD43A00CD56A3 /* CYWModel.m in Sources */ = {isa = PBXBuildFile; fileRef = 04BEC7B1225DD43A00CD56A3 /* CYWModel.m */; };
		04BEC7B5225DDD0D00CD56A3 /* flayoutViewController.m in Sources */ = {isa = PBXBuildFile; fileRef = 04BEC7B4225DDD0D00CD56A3 /* flayoutViewController.m */; };
		04BEC7BE225DF0A000CD56A3 /* testXibViewController.m in Sources */ = {isa = PBXBuildFile; fileRef = 04BEC7BC225DF0A000CD56A3 /* testXibViewController.m */; };
		04BEC7BF225DF0A000CD56A3 /* testXibViewController.xib in Resources */ = {isa = PBXBuildFile; fileRef = 04BEC7BD225DF0A000CD56A3 /* testXibViewController.xib */; };
		4E88DC6D65DF6C63E4067377 /* libPods-testCocoaPods.a in Frameworks */ = {isa = PBXBuildFile; fileRef = E2C6EA2500F6346CCDDAF6E6 /* libPods-testCocoaPods.a */; };
/* End PBXBuildFile section */

/* Begin PBXContainerItemProxy section */
		04A0991E225C326100FA222E /* PBXContainerItemProxy */ = {
			isa = PBXContainerItemProxy;
			containerPortal = 04A098FD225C326100FA222E /* Project object */;
			proxyType = 1;
			remoteGlobalIDString = 04A09904225C326100FA222E;
			remoteInfo = testCocoaPods;
		};
		04A09929225C326100FA222E /* PBXContainerItemProxy */ = {
			isa = PBXContainerItemProxy;
			containerPortal = 04A098FD225C326100FA222E /* Project object */;
			proxyType = 1;
			remoteGlobalIDString = 04A09904225C326100FA222E;
			remoteInfo = testCocoaPods;
		};
/* End PBXContainerItemProxy section */

/* Begin PBXFileReference section */
		04A09905225C326100FA222E /* testCocoaPods.app */ = {isa = PBXFileReference; explicitFileType = wrapper.application; includeInIndex = 0; path = testCocoaPods.app; sourceTree = BUILT_PRODUCTS_DIR; };
		04A09908225C326100FA222E /* AppDelegate.h */ = {isa = PBXFileReference; lastKnownFileType = sourcecode.c.h; path = AppDelegate.h; sourceTree = "<group>"; };
		04A09909225C326100FA222E /* AppDelegate.m */ = {isa = PBXFileReference; lastKnownFileType = sourcecode.c.objc; path = AppDelegate.m; sourceTree = "<group>"; };
		04A0990B225C326100FA222E /* ViewController.h */ = {isa = PBXFileReference; lastKnownFileType = sourcecode.c.h; path = ViewController.h; sourceTree = "<group>"; };
		04A0990C225C326100FA222E /* ViewController.m */ = {isa = PBXFileReference; lastKnownFileType = sourcecode.c.objc; path = ViewController.m; sourceTree = "<group>"; };
		04A0990F225C326100FA222E /* Base */ = {isa = PBXFileReference; lastKnownFileType = file.storyboard; name = Base; path = Base.lproj/Main.storyboard; sourceTree = "<group>"; };
		04A09911225C326100FA222E /* Assets.xcassets */ = {isa = PBXFileReference; lastKnownFileType = folder.assetcatalog; path = Assets.xcassets; sourceTree = "<group>"; };
		04A09914225C326100FA222E /* Base */ = {isa = PBXFileReference; lastKnownFileType = file.storyboard; name = Base; path = Base.lproj/LaunchScreen.storyboard; sourceTree = "<group>"; };
		04A09916225C326100FA222E /* Info.plist */ = {isa = PBXFileReference; lastKnownFileType = text.plist.xml; path = Info.plist; sourceTree = "<group>"; };
		04A09917225C326100FA222E /* main.m */ = {isa = PBXFileReference; lastKnownFileType = sourcecode.c.objc; path = main.m; sourceTree = "<group>"; };
		04A0991D225C326100FA222E /* testCocoaPodsTests.xctest */ = {isa = PBXFileReference; explicitFileType = wrapper.cfbundle; includeInIndex = 0; path = testCocoaPodsTests.xctest; sourceTree = BUILT_PRODUCTS_DIR; };
		04A09921225C326100FA222E /* testCocoaPodsTests.m */ = {isa = PBXFileReference; lastKnownFileType = sourcecode.c.objc; path = testCocoaPodsTests.m; sourceTree = "<group>"; };
		04A09923225C326100FA222E /* Info.plist */ = {isa = PBXFileReference; lastKnownFileType = text.plist.xml; path = Info.plist; sourceTree = "<group>"; };
		04A09928225C326100FA222E /* testCocoaPodsUITests.xctest */ = {isa = PBXFileReference; explicitFileType = wrapper.cfbundle; includeInIndex = 0; path = testCocoaPodsUITests.xctest; sourceTree = BUILT_PRODUCTS_DIR; };
		04A0992C225C326100FA222E /* testCocoaPodsUITests.m */ = {isa = PBXFileReference; lastKnownFileType = sourcecode.c.objc; path = testCocoaPodsUITests.m; sourceTree = "<group>"; };
		04A0992E225C326100FA222E /* Info.plist */ = {isa = PBXFileReference; lastKnownFileType = text.plist.xml; path = Info.plist; sourceTree = "<group>"; };
		04A0993B225C70FA00FA222E /* RootViewController.h */ = {isa = PBXFileReference; lastKnownFileType = sourcecode.c.h; path = RootViewController.h; sourceTree = "<group>"; };
		04A0993C225C70FA00FA222E /* RootViewController.m */ = {isa = PBXFileReference; lastKnownFileType = sourcecode.c.objc; path = RootViewController.m; sourceTree = "<group>"; };
		04A0993E225C77E700FA222E /* RootTableViewCell.h */ = {isa = PBXFileReference; lastKnownFileType = sourcecode.c.h; path = RootTableViewCell.h; sourceTree = "<group>"; };
		04A0993F225C77E700FA222E /* RootTableViewCell.m */ = {isa = PBXFileReference; lastKnownFileType = sourcecode.c.objc; path = RootTableViewCell.m; sourceTree = "<group>"; };
		04A09941225C7A5700FA222E /* Model.h */ = {isa = PBXFileReference; lastKnownFileType = sourcecode.c.h; path = Model.h; sourceTree = "<group>"; };
		04A09942225C7A5700FA222E /* Model.m */ = {isa = PBXFileReference; lastKnownFileType = sourcecode.c.objc; path = Model.m; sourceTree = "<group>"; };
		04BEC7A7225DD0D900CD56A3 /* FlaowViewController.h */ = {isa = PBXFileReference; lastKnownFileType = sourcecode.c.h; path = FlaowViewController.h; sourceTree = "<group>"; };
		04BEC7A8225DD0D900CD56A3 /* FlaowViewController.m */ = {isa = PBXFileReference; lastKnownFileType = sourcecode.c.objc; path = FlaowViewController.m; sourceTree = "<group>"; };
		04BEC7AA225DD2D000CD56A3 /* MyCollectionViewCell.h */ = {isa = PBXFileReference; lastKnownFileType = sourcecode.c.h; path = MyCollectionViewCell.h; sourceTree = "<group>"; };
		04BEC7AB225DD2D000CD56A3 /* MyCollectionViewCell.m */ = {isa = PBXFileReference; lastKnownFileType = sourcecode.c.objc; path = MyCollectionViewCell.m; sourceTree = "<group>"; };
		04BEC7AD225DD38000CD56A3 /* MyFlowLayout.h */ = {isa = PBXFileReference; lastKnownFileType = sourcecode.c.h; path = MyFlowLayout.h; sourceTree = "<group>"; };
		04BEC7AE225DD38000CD56A3 /* MyFlowLayout.m */ = {isa = PBXFileReference; lastKnownFileType = sourcecode.c.objc; path = MyFlowLayout.m; sourceTree = "<group>"; };
		04BEC7B0225DD43A00CD56A3 /* CYWModel.h */ = {isa = PBXFileReference; lastKnownFileType = sourcecode.c.h; path = CYWModel.h; sourceTree = "<group>"; };
		04BEC7B1225DD43A00CD56A3 /* CYWModel.m */ = {isa = PBXFileReference; lastKnownFileType = sourcecode.c.objc; path = CYWModel.m; sourceTree = "<group>"; };
		04BEC7B3225DDD0D00CD56A3 /* flayoutViewController.h */ = {isa = PBXFileReference; lastKnownFileType = sourcecode.c.h; path = flayoutViewController.h; sourceTree = "<group>"; };
		04BEC7B4225DDD0D00CD56A3 /* flayoutViewController.m */ = {isa = PBXFileReference; lastKnownFileType = sourcecode.c.objc; path = flayoutViewController.m; sourceTree = "<group>"; };
		04BEC7BB225DF0A000CD56A3 /* testXibViewController.h */ = {isa = PBXFileReference; lastKnownFileType = sourcecode.c.h; path = testXibViewController.h; sourceTree = "<group>"; };
		04BEC7BC225DF0A000CD56A3 /* testXibViewController.m */ = {isa = PBXFileReference; lastKnownFileType = sourcecode.c.objc; path = testXibViewController.m; sourceTree = "<group>"; };
		04BEC7BD225DF0A000CD56A3 /* testXibViewController.xib */ = {isa = PBXFileReference; lastKnownFileType = file.xib; path = testXibViewController.xib; sourceTree = "<group>"; };
		0993ED7F2FAC140D249339A6 /* Pods-testCocoaPods.release.xcconfig */ = {isa = PBXFileReference; includeInIndex = 1; lastKnownFileType = text.xcconfig; name = "Pods-testCocoaPods.release.xcconfig"; path = "Target Support Files/Pods-testCocoaPods/Pods-testCocoaPods.release.xcconfig"; sourceTree = "<group>"; };
		17DE4B5147BECA5E70E1536D /* Pods-testCocoaPods.debug.xcconfig */ = {isa = PBXFileReference; includeInIndex = 1; lastKnownFileType = text.xcconfig; name = "Pods-testCocoaPods.debug.xcconfig"; path = "Target Support Files/Pods-testCocoaPods/Pods-testCocoaPods.debug.xcconfig"; sourceTree = "<group>"; };
		E2C6EA2500F6346CCDDAF6E6 /* libPods-testCocoaPods.a */ = {isa = PBXFileReference; explicitFileType = archive.ar; includeInIndex = 0; path = "libPods-testCocoaPods.a"; sourceTree = BUILT_PRODUCTS_DIR; };
/* End PBXFileReference section */

/* Begin PBXFrameworksBuildPhase section */
		04A09902225C326100FA222E /* Frameworks */ = {
			isa = PBXFrameworksBuildPhase;
			buildActionMask = 2147483647;
			files = (
				4E88DC6D65DF6C63E4067377 /* libPods-testCocoaPods.a in Frameworks */,
			);
			runOnlyForDeploymentPostprocessing = 0;
		};
		04A0991A225C326100FA222E /* Frameworks */ = {
			isa = PBXFrameworksBuildPhase;
			buildActionMask = 2147483647;
			files = (
			);
			runOnlyForDeploymentPostprocessing = 0;
		};
		04A09925225C326100FA222E /* Frameworks */ = {
			isa = PBXFrameworksBuildPhase;
			buildActionMask = 2147483647;
			files = (
			);
			runOnlyForDeploymentPostprocessing = 0;
		};
/* End PBXFrameworksBuildPhase section */

/* Begin PBXGroup section */
		04A098FC225C326100FA222E = {
			isa = PBXGroup;
			children = (
				04A09907225C326100FA222E /* testCocoaPods */,
				04A09920225C326100FA222E /* testCocoaPodsTests */,
				04A0992B225C326100FA222E /* testCocoaPodsUITests */,
				04A09906225C326100FA222E /* Products */,
				2032BB01B167EB1728EC5D60 /* Pods */,
				DFC27223C48ECAD998A56407 /* Frameworks */,
			);
			sourceTree = "<group>";
		};
		04A09906225C326100FA222E /* Products */ = {
			isa = PBXGroup;
			children = (
				04A09905225C326100FA222E /* testCocoaPods.app */,
				04A0991D225C326100FA222E /* testCocoaPodsTests.xctest */,
				04A09928225C326100FA222E /* testCocoaPodsUITests.xctest */,
			);
			name = Products;
			sourceTree = "<group>";
		};
		04A09907225C326100FA222E /* testCocoaPods */ = {
			isa = PBXGroup;
			children = (
				04A09908225C326100FA222E /* AppDelegate.h */,
				04A09909225C326100FA222E /* AppDelegate.m */,
				04A0990B225C326100FA222E /* ViewController.h */,
				04A0990C225C326100FA222E /* ViewController.m */,
				04A0990E225C326100FA222E /* Main.storyboard */,
				04A09911225C326100FA222E /* Assets.xcassets */,
				04A09913225C326100FA222E /* LaunchScreen.storyboard */,
				04A09916225C326100FA222E /* Info.plist */,
				04A09917225C326100FA222E /* main.m */,
				04A0993B225C70FA00FA222E /* RootViewController.h */,
				04A0993C225C70FA00FA222E /* RootViewController.m */,
				04A0993E225C77E700FA222E /* RootTableViewCell.h */,
				04A0993F225C77E700FA222E /* RootTableViewCell.m */,
				04A09941225C7A5700FA222E /* Model.h */,
				04A09942225C7A5700FA222E /* Model.m */,
				04BEC7A7225DD0D900CD56A3 /* FlaowViewController.h */,
				04BEC7A8225DD0D900CD56A3 /* FlaowViewController.m */,
				04BEC7AA225DD2D000CD56A3 /* MyCollectionViewCell.h */,
				04BEC7AB225DD2D000CD56A3 /* MyCollectionViewCell.m */,
				04BEC7AD225DD38000CD56A3 /* MyFlowLayout.h */,
				04BEC7AE225DD38000CD56A3 /* MyFlowLayout.m */,
				04BEC7B0225DD43A00CD56A3 /* CYWModel.h */,
				04BEC7B1225DD43A00CD56A3 /* CYWModel.m */,
				04BEC7B3225DDD0D00CD56A3 /* flayoutViewController.h */,
				04BEC7B4225DDD0D00CD56A3 /* flayoutViewController.m */,
				04BEC7BB225DF0A000CD56A3 /* testXibViewController.h */,
				04BEC7BC225DF0A000CD56A3 /* testXibViewController.m */,
				04BEC7BD225DF0A000CD56A3 /* testXibViewController.xib */,
			);
			path = testCocoaPods;
			sourceTree = "<group>";
		};
		04A09920225C326100FA222E /* testCocoaPodsTests */ = {
			isa = PBXGroup;
			children = (
				04A09921225C326100FA222E /* testCocoaPodsTests.m */,
				04A09923225C326100FA222E /* Info.plist */,
			);
			path = testCocoaPodsTests;
			sourceTree = "<group>";
		};
		04A0992B225C326100FA222E /* testCocoaPodsUITests */ = {
			isa = PBXGroup;
			children = (
				04A0992C225C326100FA222E /* testCocoaPodsUITests.m */,
				04A0992E225C326100FA222E /* Info.plist */,
			);
			path = testCocoaPodsUITests;
			sourceTree = "<group>";
		};
		2032BB01B167EB1728EC5D60 /* Pods */ = {
			isa = PBXGroup;
			children = (
				17DE4B5147BECA5E70E1536D /* Pods-testCocoaPods.debug.xcconfig */,
				0993ED7F2FAC140D249339A6 /* Pods-testCocoaPods.release.xcconfig */,
			);
			path = Pods;
			sourceTree = "<group>";
		};
		DFC27223C48ECAD998A56407 /* Frameworks */ = {
			isa = PBXGroup;
			children = (
				E2C6EA2500F6346CCDDAF6E6 /* libPods-testCocoaPods.a */,
			);
			name = Frameworks;
			sourceTree = "<group>";
		};
/* End PBXGroup section */

/* Begin PBXNativeTarget section */
		04A09904225C326100FA222E /* testCocoaPods */ = {
			isa = PBXNativeTarget;
			buildConfigurationList = 04A09931225C326100FA222E /* Build configuration list for PBXNativeTarget "testCocoaPods" */;
			buildPhases = (
				9E416F2EE39B6C47215769C9 /* [CP] Check Pods Manifest.lock */,
				04A09901225C326100FA222E /* Sources */,
				04A09902225C326100FA222E /* Frameworks */,
				04A09903225C326100FA222E /* Resources */,
			);
			buildRules = (
			);
			dependencies = (
			);
			name = testCocoaPods;
			productName = testCocoaPods;
			productReference = 04A09905225C326100FA222E /* testCocoaPods.app */;
			productType = "com.apple.product-type.application";
		};
		04A0991C225C326100FA222E /* testCocoaPodsTests */ = {
			isa = PBXNativeTarget;
			buildConfigurationList = 04A09934225C326100FA222E /* Build configuration list for PBXNativeTarget "testCocoaPodsTests" */;
			buildPhases = (
				04A09919225C326100FA222E /* Sources */,
				04A0991A225C326100FA222E /* Frameworks */,
				04A0991B225C326100FA222E /* Resources */,
			);
			buildRules = (
			);
			dependencies = (
				04A0991F225C326100FA222E /* PBXTargetDependency */,
			);
			name = testCocoaPodsTests;
			productName = testCocoaPodsTests;
			productReference = 04A0991D225C326100FA222E /* testCocoaPodsTests.xctest */;
			productType = "com.apple.product-type.bundle.unit-test";
		};
		04A09927225C326100FA222E /* testCocoaPodsUITests */ = {
			isa = PBXNativeTarget;
			buildConfigurationList = 04A09937225C326100FA222E /* Build configuration list for PBXNativeTarget "testCocoaPodsUITests" */;
			buildPhases = (
				04A09924225C326100FA222E /* Sources */,
				04A09925225C326100FA222E /* Frameworks */,
				04A09926225C326100FA222E /* Resources */,
			);
			buildRules = (
			);
			dependencies = (
				04A0992A225C326100FA222E /* PBXTargetDependency */,
			);
			name = testCocoaPodsUITests;
			productName = testCocoaPodsUITests;
			productReference = 04A09928225C326100FA222E /* testCocoaPodsUITests.xctest */;
			productType = "com.apple.product-type.bundle.ui-testing";
		};
/* End PBXNativeTarget section */

/* Begin PBXProject section */
		04A098FD225C326100FA222E /* Project object */ = {
			isa = PBXProject;
			attributes = {
				LastUpgradeCheck = 1020;
				ORGANIZATIONNAME = mac;
				TargetAttributes = {
					04A09904225C326100FA222E = {
						CreatedOnToolsVersion = 10.2;
					};
					04A0991C225C326100FA222E = {
						CreatedOnToolsVersion = 10.2;
						TestTargetID = 04A09904225C326100FA222E;
					};
					04A09927225C326100FA222E = {
						CreatedOnToolsVersion = 10.2;
						TestTargetID = 04A09904225C326100FA222E;
					};
				};
			};
			buildConfigurationList = 04A09900225C326100FA222E /* Build configuration list for PBXProject "testCocoaPods" */;
			compatibilityVersion = "Xcode 9.3";
			developmentRegion = en;
			hasScannedForEncodings = 0;
			knownRegions = (
				en,
				Base,
			);
			mainGroup = 04A098FC225C326100FA222E;
			productRefGroup = 04A09906225C326100FA222E /* Products */;
			projectDirPath = "";
			projectRoot = "";
			targets = (
				04A09904225C326100FA222E /* testCocoaPods */,
				04A0991C225C326100FA222E /* testCocoaPodsTests */,
				04A09927225C326100FA222E /* testCocoaPodsUITests */,
			);
		};
/* End PBXProject section */

/* Begin PBXResourcesBuildPhase section */
		04A09903225C326100FA222E /* Resources */ = {
			isa = PBXResourcesBuildPhase;
			buildActionMask = 2147483647;
			files = (
				04BEC7BF225DF0A000CD56A3 /* testXibViewController.xib in Resources */,
				04A09915225C326100FA222E /* LaunchScreen.storyboard in Resources */,
				04A09912225C326100FA222E /* Assets.xcassets in Resources */,
				04A09910225C326100FA222E /* Main.storyboard in Resources */,
			);
			runOnlyForDeploymentPostprocessing = 0;
		};
		04A0991B225C326100FA222E /* Resources */ = {
			isa = PBXResourcesBuildPhase;
			buildActionMask = 2147483647;
			files = (
			);
			runOnlyForDeploymentPostprocessing = 0;
		};
		04A09926225C326100FA222E /* Resources */ = {
			isa = PBXResourcesBuildPhase;
			buildActionMask = 2147483647;
			files = (
			);
			runOnlyForDeploymentPostprocessing = 0;
		};
/* End PBXResourcesBuildPhase section */

/* Begin PBXShellScriptBuildPhase section */
		9E416F2EE39B6C47215769C9 /* [CP] Check Pods Manifest.lock */ = {
			isa = PBXShellScriptBuildPhase;
			buildActionMask = 2147483647;
			files = (
			);
			inputFileListPaths = (
			);
			inputPaths = (
				"${PODS_PODFILE_DIR_PATH}/Podfile.lock",
				"${PODS_ROOT}/Manifest.lock",
			);
			name = "[CP] Check Pods Manifest.lock";
			outputFileListPaths = (
			);
			outputPaths = (
				"$(DERIVED_FILE_DIR)/Pods-testCocoaPods-checkManifestLockResult.txt",
			);
			runOnlyForDeploymentPostprocessing = 0;
			shellPath = /bin/sh;
			shellScript = "diff \"${PODS_PODFILE_DIR_PATH}/Podfile.lock\" \"${PODS_ROOT}/Manifest.lock\" > /dev/null\nif [ $? != 0 ] ; then\n    # print error to STDERR\n    echo \"error: The sandbox is not in sync with the Podfile.lock. Run 'pod install' or update your CocoaPods installation.\" >&2\n    exit 1\nfi\n# This output is used by Xcode 'outputs' to avoid re-running this script phase.\necho \"SUCCESS\" > \"${SCRIPT_OUTPUT_FILE_0}\"\n";
			showEnvVarsInLog = 0;
		};
/* End PBXShellScriptBuildPhase section */

/* Begin PBXSourcesBuildPhase section */
		04A09901225C326100FA222E /* Sources */ = {
			isa = PBXSourcesBuildPhase;
			buildActionMask = 2147483647;
			files = (
				04A0990D225C326100FA222E /* ViewController.m in Sources */,
				04BEC7A9225DD0D900CD56A3 /* FlaowViewController.m in Sources */,
				04A09918225C326100FA222E /* main.m in Sources */,
				04A0993D225C70FA00FA222E /* RootViewController.m in Sources */,
				04A09943225C7A5700FA222E /* Model.m in Sources */,
				04A0990A225C326100FA222E /* AppDelegate.m in Sources */,
				04BEC7B5225DDD0D00CD56A3 /* flayoutViewController.m in Sources */,
				04BEC7AF225DD38000CD56A3 /* MyFlowLayout.m in Sources */,
				04BEC7BE225DF0A000CD56A3 /* testXibViewController.m in Sources */,
				04BEC7AC225DD2D000CD56A3 /* MyCollectionViewCell.m in Sources */,
				04A09940225C77E700FA222E /* RootTableViewCell.m in Sources */,
				04BEC7B2225DD43A00CD56A3 /* CYWModel.m in Sources */,
			);
			runOnlyForDeploymentPostprocessing = 0;
		};
		04A09919225C326100FA222E /* Sources */ = {
			isa = PBXSourcesBuildPhase;
			buildActionMask = 2147483647;
			files = (
				04A09922225C326100FA222E /* testCocoaPodsTests.m in Sources */,
			);
			runOnlyForDeploymentPostprocessing = 0;
		};
		04A09924225C326100FA222E /* Sources */ = {
			isa = PBXSourcesBuildPhase;
			buildActionMask = 2147483647;
			files = (
				04A0992D225C326100FA222E /* testCocoaPodsUITests.m in Sources */,
			);
			runOnlyForDeploymentPostprocessing = 0;
		};
/* End PBXSourcesBuildPhase section */

/* Begin PBXTargetDependency section */
		04A0991F225C326100FA222E /* PBXTargetDependency */ = {
			isa = PBXTargetDependency;
			target = 04A09904225C326100FA222E /* testCocoaPods */;
			targetProxy = 04A0991E225C326100FA222E /* PBXContainerItemProxy */;
		};
		04A0992A225C326100FA222E /* PBXTargetDependency */ = {
			isa = PBXTargetDependency;
			target = 04A09904225C326100FA222E /* testCocoaPods */;
			targetProxy = 04A09929225C326100FA222E /* PBXContainerItemProxy */;
		};
/* End PBXTargetDependency section */

/* Begin PBXVariantGroup section */
		04A0990E225C326100FA222E /* Main.storyboard */ = {
			isa = PBXVariantGroup;
			children = (
				04A0990F225C326100FA222E /* Base */,
			);
			name = Main.storyboard;
			sourceTree = "<group>";
		};
		04A09913225C326100FA222E /* LaunchScreen.storyboard */ = {
			isa = PBXVariantGroup;
			children = (
				04A09914225C326100FA222E /* Base */,
			);
			name = LaunchScreen.storyboard;
			sourceTree = "<group>";
		};
/* End PBXVariantGroup section */

/* Begin XCBuildConfiguration section */
		04A0992F225C326100FA222E /* Debug */ = {
			isa = XCBuildConfiguration;
			buildSettings = {
				ALWAYS_SEARCH_USER_PATHS = NO;
				CLANG_ANALYZER_NONNULL = YES;
				CLANG_ANALYZER_NUMBER_OBJECT_CONVERSION = YES_AGGRESSIVE;
				CLANG_CXX_LANGUAGE_STANDARD = "gnu++14";
				CLANG_CXX_LIBRARY = "libc++";
				CLANG_ENABLE_MODULES = YES;
				CLANG_ENABLE_OBJC_ARC = YES;
				CLANG_ENABLE_OBJC_WEAK = YES;
				CLANG_WARN_BLOCK_CAPTURE_AUTORELEASING = YES;
				CLANG_WARN_BOOL_CONVERSION = YES;
				CLANG_WARN_COMMA = YES;
				CLANG_WARN_CONSTANT_CONVERSION = YES;
				CLANG_WARN_DEPRECATED_OBJC_IMPLEMENTATIONS = YES;
				CLANG_WARN_DIRECT_OBJC_ISA_USAGE = YES_ERROR;
				CLANG_WARN_DOCUMENTATION_COMMENTS = YES;
				CLANG_WARN_EMPTY_BODY = YES;
				CLANG_WARN_ENUM_CONVERSION = YES;
				CLANG_WARN_INFINITE_RECURSION = YES;
				CLANG_WARN_INT_CONVERSION = YES;
				CLANG_WARN_NON_LITERAL_NULL_CONVERSION = YES;
				CLANG_WARN_OBJC_IMPLICIT_RETAIN_SELF = YES;
				CLANG_WARN_OBJC_LITERAL_CONVERSION = YES;
				CLANG_WARN_OBJC_ROOT_CLASS = YES_ERROR;
				CLANG_WARN_RANGE_LOOP_ANALYSIS = YES;
				CLANG_WARN_STRICT_PROTOTYPES = YES;
				CLANG_WARN_SUSPICIOUS_MOVE = YES;
				CLANG_WARN_UNGUARDED_AVAILABILITY = YES_AGGRESSIVE;
				CLANG_WARN_UNREACHABLE_CODE = YES;
				CLANG_WARN__DUPLICATE_METHOD_MATCH = YES;
				CODE_SIGN_IDENTITY = "iPhone Developer";
				COPY_PHASE_STRIP = NO;
				DEBUG_INFORMATION_FORMAT = dwarf;
				ENABLE_STRICT_OBJC_MSGSEND = YES;
				ENABLE_TESTABILITY = YES;
				GCC_C_LANGUAGE_STANDARD = gnu11;
				GCC_DYNAMIC_NO_PIC = NO;
				GCC_NO_COMMON_BLOCKS = YES;
				GCC_OPTIMIZATION_LEVEL = 0;
				GCC_PREPROCESSOR_DEFINITIONS = (
					"DEBUG=1",
					"$(inherited)",
				);
				GCC_WARN_64_TO_32_BIT_CONVERSION = YES;
				GCC_WARN_ABOUT_RETURN_TYPE = YES_ERROR;
				GCC_WARN_UNDECLARED_SELECTOR = YES;
				GCC_WARN_UNINITIALIZED_AUTOS = YES_AGGRESSIVE;
				GCC_WARN_UNUSED_FUNCTION = YES;
				GCC_WARN_UNUSED_VARIABLE = YES;
				IPHONEOS_DEPLOYMENT_TARGET = 12.2;
				MTL_ENABLE_DEBUG_INFO = INCLUDE_SOURCE;
				MTL_FAST_MATH = YES;
				ONLY_ACTIVE_ARCH = YES;
				SDKROOT = iphoneos;
			};
			name = Debug;
		};
		04A09930225C326100FA222E /* Release */ = {
			isa = XCBuildConfiguration;
			buildSettings = {
				ALWAYS_SEARCH_USER_PATHS = NO;
				CLANG_ANALYZER_NONNULL = YES;
				CLANG_ANALYZER_NUMBER_OBJECT_CONVERSION = YES_AGGRESSIVE;
				CLANG_CXX_LANGUAGE_STANDARD = "gnu++14";
				CLANG_CXX_LIBRARY = "libc++";
				CLANG_ENABLE_MODULES = YES;
				CLANG_ENABLE_OBJC_ARC = YES;
				CLANG_ENABLE_OBJC_WEAK = YES;
				CLANG_WARN_BLOCK_CAPTURE_AUTORELEASING = YES;
				CLANG_WARN_BOOL_CONVERSION = YES;
				CLANG_WARN_COMMA = YES;
				CLANG_WARN_CONSTANT_CONVERSION = YES;
				CLANG_WARN_DEPRECATED_OBJC_IMPLEMENTATIONS = YES;
				CLANG_WARN_DIRECT_OBJC_ISA_USAGE = YES_ERROR;
				CLANG_WARN_DOCUMENTATION_COMMENTS = YES;
				CLANG_WARN_EMPTY_BODY = YES;
				CLANG_WARN_ENUM_CONVERSION = YES;
				CLANG_WARN_INFINITE_RECURSION = YES;
				CLANG_WARN_INT_CONVERSION = YES;
				CLANG_WARN_NON_LITERAL_NULL_CONVERSION = YES;
				CLANG_WARN_OBJC_IMPLICIT_RETAIN_SELF = YES;
				CLANG_WARN_OBJC_LITERAL_CONVERSION = YES;
				CLANG_WARN_OBJC_ROOT_CLASS = YES_ERROR;
				CLANG_WARN_RANGE_LOOP_ANALYSIS = YES;
				CLANG_WARN_STRICT_PROTOTYPES = YES;
				CLANG_WARN_SUSPICIOUS_MOVE = YES;
				CLANG_WARN_UNGUARDED_AVAILABILITY = YES_AGGRESSIVE;
				CLANG_WARN_UNREACHABLE_CODE = YES;
				CLANG_WARN__DUPLICATE_METHOD_MATCH = YES;
				CODE_SIGN_IDENTITY = "iPhone Developer";
				COPY_PHASE_STRIP = NO;
				DEBUG_INFORMATION_FORMAT = "dwarf-with-dsym";
				ENABLE_NS_ASSERTIONS = NO;
				ENABLE_STRICT_OBJC_MSGSEND = YES;
				GCC_C_LANGUAGE_STANDARD = gnu11;
				GCC_NO_COMMON_BLOCKS = YES;
				GCC_WARN_64_TO_32_BIT_CONVERSION = YES;
				GCC_WARN_ABOUT_RETURN_TYPE = YES_ERROR;
				GCC_WARN_UNDECLARED_SELECTOR = YES;
				GCC_WARN_UNINITIALIZED_AUTOS = YES_AGGRESSIVE;
				GCC_WARN_UNUSED_FUNCTION = YES;
				GCC_WARN_UNUSED_VARIABLE = YES;
				IPHONEOS_DEPLOYMENT_TARGET = 12.2;
				MTL_ENABLE_DEBUG_INFO = NO;
				MTL_FAST_MATH = YES;
				SDKROOT = iphoneos;
				VALIDATE_PRODUCT = YES;
			};
			name = Release;
		};
		04A09932225C326100FA222E /* Debug */ = {
			isa = XCBuildConfiguration;
			baseConfigurationReference = 17DE4B5147BECA5E70E1536D /* Pods-testCocoaPods.debug.xcconfig */;
			buildSettings = {
				ASSETCATALOG_COMPILER_APPICON_NAME = AppIcon;
				CODE_SIGN_STYLE = Automatic;
				INFOPLIST_FILE = testCocoaPods/Info.plist;
				IPHONEOS_DEPLOYMENT_TARGET = 9.0;
				LD_RUNPATH_SEARCH_PATHS = (
					"$(inherited)",
					"@executable_path/Frameworks",
				);
				PRODUCT_BUNDLE_IDENTIFIER = com.p.testCocoaPods;
				PRODUCT_NAME = "$(TARGET_NAME)";
				TARGETED_DEVICE_FAMILY = "1,2";
			};
			name = Debug;
		};
		04A09933225C326100FA222E /* Release */ = {
			isa = XCBuildConfiguration;
			baseConfigurationReference = 0993ED7F2FAC140D249339A6 /* Pods-testCocoaPods.release.xcconfig */;
			buildSettings = {
				ASSETCATALOG_COMPILER_APPICON_NAME = AppIcon;
				CODE_SIGN_STYLE = Automatic;
				INFOPLIST_FILE = testCocoaPods/Info.plist;
				IPHONEOS_DEPLOYMENT_TARGET = 9.0;
				LD_RUNPATH_SEARCH_PATHS = (
					"$(inherited)",
					"@executable_path/Frameworks",
				);
				PRODUCT_BUNDLE_IDENTIFIER = com.p.testCocoaPods;
				PRODUCT_NAME = "$(TARGET_NAME)";
				TARGETED_DEVICE_FAMILY = "1,2";
			};
			name = Release;
		};
		04A09935225C326100FA222E /* Debug */ = {
			isa = XCBuildConfiguration;
			buildSettings = {
				BUNDLE_LOADER = "$(TEST_HOST)";
				CODE_SIGN_STYLE = Automatic;
				INFOPLIST_FILE = testCocoaPodsTests/Info.plist;
				LD_RUNPATH_SEARCH_PATHS = (
					"$(inherited)",
					"@executable_path/Frameworks",
					"@loader_path/Frameworks",
				);
				PRODUCT_BUNDLE_IDENTIFIER = com.p.testCocoaPodsTests;
				PRODUCT_NAME = "$(TARGET_NAME)";
				TARGETED_DEVICE_FAMILY = "1,2";
				TEST_HOST = "$(BUILT_PRODUCTS_DIR)/testCocoaPods.app/testCocoaPods";
			};
			name = Debug;
		};
		04A09936225C326100FA222E /* Release */ = {
			isa = XCBuildConfiguration;
			buildSettings = {
				BUNDLE_LOADER = "$(TEST_HOST)";
				CODE_SIGN_STYLE = Automatic;
				INFOPLIST_FILE = testCocoaPodsTests/Info.plist;
				LD_RUNPATH_SEARCH_PATHS = (
					"$(inherited)",
					"@executable_path/Frameworks",
					"@loader_path/Frameworks",
				);
				PRODUCT_BUNDLE_IDENTIFIER = com.p.testCocoaPodsTests;
				PRODUCT_NAME = "$(TARGET_NAME)";
				TARGETED_DEVICE_FAMILY = "1,2";
				TEST_HOST = "$(BUILT_PRODUCTS_DIR)/testCocoaPods.app/testCocoaPods";
			};
			name = Release;
		};
		04A09938225C326100FA222E /* Debug */ = {
			isa = XCBuildConfiguration;
			buildSettings = {
				CODE_SIGN_STYLE = Automatic;
				INFOPLIST_FILE = testCocoaPodsUITests/Info.plist;
				LD_RUNPATH_SEARCH_PATHS = (
					"$(inherited)",
					"@executable_path/Frameworks",
					"@loader_path/Frameworks",
				);
				PRODUCT_BUNDLE_IDENTIFIER = com.p.testCocoaPodsUITests;
				PRODUCT_NAME = "$(TARGET_NAME)";
				TARGETED_DEVICE_FAMILY = "1,2";
				TEST_TARGET_NAME = testCocoaPods;
			};
			name = Debug;
		};
		04A09939225C326100FA222E /* Release */ = {
			isa = XCBuildConfiguration;
			buildSettings = {
				CODE_SIGN_STYLE = Automatic;
				INFOPLIST_FILE = testCocoaPodsUITests/Info.plist;
				LD_RUNPATH_SEARCH_PATHS = (
					"$(inherited)",
					"@executable_path/Frameworks",
					"@loader_path/Frameworks",
				);
				PRODUCT_BUNDLE_IDENTIFIER = com.p.testCocoaPodsUITests;
				PRODUCT_NAME = "$(TARGET_NAME)";
				TARGETED_DEVICE_FAMILY = "1,2";
				TEST_TARGET_NAME = testCocoaPods;
			};
			name = Release;
		};
/* End XCBuildConfiguration section */

/* Begin XCConfigurationList section */
		04A09900225C326100FA222E /* Build configuration list for PBXProject "testCocoaPods" */ = {
			isa = XCConfigurationList;
			buildConfigurations = (
				04A0992F225C326100FA222E /* Debug */,
				04A09930225C326100FA222E /* Release */,
			);
			defaultConfigurationIsVisible = 0;
			defaultConfigurationName = Release;
		};
		04A09931225C326100FA222E /* Build configuration list for PBXNativeTarget "testCocoaPods" */ = {
			isa = XCConfigurationList;
			buildConfigurations = (
				04A09932225C326100FA222E /* Debug */,
				04A09933225C326100FA222E /* Release */,
			);
			defaultConfigurationIsVisible = 0;
			defaultConfigurationName = Release;
		};
		04A09934225C326100FA222E /* Build configuration list for PBXNativeTarget "testCocoaPodsTests" */ = {
			isa = XCConfigurationList;
			buildConfigurations = (
				04A09935225C326100FA222E /* Debug */,
				04A09936225C326100FA222E /* Release */,
			);
			defaultConfigurationIsVisible = 0;
			defaultConfigurationName = Release;
		};
		04A09937225C326100FA222E /* Build configuration list for PBXNativeTarget "testCocoaPodsUITests" */ = {
			isa = XCConfigurationList;
			buildConfigurations = (
				04A09938225C326100FA222E /* Debug */,
				04A09939225C326100FA222E /* Release */,
			);
			defaultConfigurationIsVisible = 0;
			defaultConfigurationName = Release;
		};
/* End XCConfigurationList section */
	};
	rootObject = 04A098FD225C326100FA222E /* Project object */;
}
